
Microsoft Visual Studio Solution File, Format Version 12.00
# Visual Studio Version 17
VisualStudioVersion = 17.14.36811.4 d17.14
MinimumVisualStudioVersion = 10.0.40219.1
Project("{FAE04EC0-301F-11D3-BF4B-00C04F79EFBC}") = "OnlineShopWeb", "OnlineShopWeb.csproj", "{C6792EA3-8626-4C4F-ADA8-31DAA6A3A36B}"
EndProject
Global
	GlobalSection(SolutionConfigurationPlatforms) = preSolution
		Debug|Any CPU = Debug|Any CPU
		Release|Any CPU = Release|Any CPU
	EndGlobalSection
	GlobalSection(ProjectConfigurationPlatforms) = postSolution
		{C6792EA3-8626-4C4F-ADA8-31DAA6A3A36B}.Debug|Any CPU.ActiveCfg = Debug|Any CPU
		{C6792EA3-8626-4C4F-ADA8-31DAA6A3A36B}.Debug|Any CPU.Build.0 = Debug|Any CPU
		{C6792EA3-8626-4C4F-ADA8-31DAA6A3A36B}.Release|Any CPU.ActiveCfg = Release|Any CPU
		{C6792EA3-8626-4C4F-ADA8-31DAA6A3A36B}.Release|Any CPU.Build.0 = Release|Any CPU
	EndGlobalSection
	GlobalSection(SolutionProperties) = preSolution
		HideSolutionNode = FALSE
	EndGlobalSection
	GlobalSection(ExtensibilityGlobals) = postSolution
		SolutionGuid = {67708D02-2190-45E4-A8A8-18534DF7AA0C}
	EndGlobalSection
EndGlobal
